
Microsoft Visual Studio Solution File, Format Version 12.00
# Visual Studio Version 17
VisualStudioVersion = 17.6.33829.357
MinimumVisualStudioVersion = 10.0.40219.1
Project("{FAE04EC0-301F-11D3-BF4B-00C04F79EFBC}") = "Sistema.Model", "Sistema.Model\Sistema.Model.csproj", "{34DADF2D-F9FC-40F2-AE9E-AF0E187192F5}"
EndProject
Project("{FAE04EC0-301F-11D3-BF4B-00C04F79EFBC}") = "Sistema.ViewDesktop", "Sistema.ViewDesktop\Sistema.ViewDesktop.csproj", "{9FBC1BCB-26A7-41BF-AD75-421DF1522173}"
EndProject
Project("{FAE04EC0-301F-11D3-BF4B-00C04F79EFBC}") = "Sistema.ViewWeb", "Sistema.ViewWeb\Sistema.ViewWeb.csproj", "{A42BF6E9-7B0B-4900-9B24-8786AF92F3DF}"
EndProject
Global
	GlobalSection(SolutionConfigurationPlatforms) = preSolution
		Debug|Any CPU = Debug|Any CPU
		Release|Any CPU = Release|Any CPU
	EndGlobalSection
	GlobalSection(ProjectConfigurationPlatforms) = postSolution
		{34DADF2D-F9FC-40F2-AE9E-AF0E187192F5}.Debug|Any CPU.ActiveCfg = Debug|Any CPU
		{34DADF2D-F9FC-40F2-AE9E-AF0E187192F5}.Debug|Any CPU.Build.0 = Debug|Any CPU
		{34DADF2D-F9FC-40F2-AE9E-AF0E187192F5}.Release|Any CPU.ActiveCfg = Release|Any CPU
		{34DADF2D-F9FC-40F2-AE9E-AF0E187192F5}.Release|Any CPU.Build.0 = Release|Any CPU
		{9FBC1BCB-26A7-41BF-AD75-421DF1522173}.Debug|Any CPU.ActiveCfg = Debug|Any CPU
		{9FBC1BCB-26A7-41BF-AD75-421DF1522173}.Debug|Any CPU.Build.0 = Debug|Any CPU
		{9FBC1BCB-26A7-41BF-AD75-421DF1522173}.Release|Any CPU.ActiveCfg = Release|Any CPU
		{9FBC1BCB-26A7-41BF-AD75-421DF1522173}.Release|Any CPU.Build.0 = Release|Any CPU
		{A42BF6E9-7B0B-4900-9B24-8786AF92F3DF}.Debug|Any CPU.ActiveCfg = Debug|Any CPU
		{A42BF6E9-7B0B-4900-9B24-8786AF92F3DF}.Debug|Any CPU.Build.0 = Debug|Any CPU
		{A42BF6E9-7B0B-4900-9B24-8786AF92F3DF}.Release|Any CPU.ActiveCfg = Release|Any CPU
		{A42BF6E9-7B0B-4900-9B24-8786AF92F3DF}.Release|Any CPU.Build.0 = Release|Any CPU
	EndGlobalSection
	GlobalSection(SolutionProperties) = preSolution
		HideSolutionNode = FALSE
	EndGlobalSection
	GlobalSection(ExtensibilityGlobals) = postSolution
		SolutionGuid = {22A970F4-45BE-4336-941D-AB72D5EEEE88}
	EndGlobalSection
EndGlobal
